
Microsoft Visual Studio Solution File, Format Version 12.00
# Visual Studio Version 17
VisualStudioVersion = 17.0.32014.148
MinimumVisualStudioVersion = 10.0.40219.1
Project("{9A19103F-16F7-4668-BE54-9A1E7A4F7556}") = "SpotifyPlayingStatus", "SpotifyPlayingStatus\SpotifyPlayingStatus.csproj", "{FCDDAF87-674C-4155-A705-7BE987ECF579}"
EndProject
Project("{9A19103F-16F7-4668-BE54-9A1E7A4F7556}") = "SpotifyPlayingStatus.Tests", "SpotifyPlayingStatus.Tests\SpotifyPlayingStatus.Tests.csproj", "{6AEB72A0-6D28-43C2-A903-B1CB7CA49A76}"
EndProject
Project("{FAE04EC0-301F-11D3-BF4B-00C04F79EFBC}") = "SpotifyPlayingStatus.IntentHandlers", "SpotifyPlayingStatus.IntentHandlers\SpotifyPlayingStatus.IntentHandlers.csproj", "{65662019-6E48-4B0C-B0E5-070D3B45777C}"
EndProject
Project("{FAE04EC0-301F-11D3-BF4B-00C04F79EFBC}") = "SpotifyPlayingStatus.Core", "SpotifyPlayingStatus.Core\SpotifyPlayingStatus.Core.csproj", "{61E1B85F-2BBB-44E7-A38C-9CAF66EAFA1C}"
EndProject
Project("{FAE04EC0-301F-11D3-BF4B-00C04F79EFBC}") = "SpotifyPlayingStatus.ApiClients", "SpotifyPlayingStatus.ApiClients\SpotifyPlayingStatus.ApiClients.csproj", "{B469AD14-39CC-4EF5-BBB9-63973858CBDE}"
EndProject
Global
	GlobalSection(SolutionConfigurationPlatforms) = preSolution
		Debug|Any CPU = Debug|Any CPU
		Release|Any CPU = Release|Any CPU
	EndGlobalSection
	GlobalSection(ProjectConfigurationPlatforms) = postSolution
		{FCDDAF87-674C-4155-A705-7BE987ECF579}.Debug|Any CPU.ActiveCfg = Debug|Any CPU
		{FCDDAF87-674C-4155-A705-7BE987ECF579}.Debug|Any CPU.Build.0 = Debug|Any CPU
		{FCDDAF87-674C-4155-A705-7BE987ECF579}.Release|Any CPU.ActiveCfg = Release|Any CPU
		{FCDDAF87-674C-4155-A705-7BE987ECF579}.Release|Any CPU.Build.0 = Release|Any CPU
		{6AEB72A0-6D28-43C2-A903-B1CB7CA49A76}.Debug|Any CPU.ActiveCfg = Debug|Any CPU
		{6AEB72A0-6D28-43C2-A903-B1CB7CA49A76}.Debug|Any CPU.Build.0 = Debug|Any CPU
		{6AEB72A0-6D28-43C2-A903-B1CB7CA49A76}.Release|Any CPU.ActiveCfg = Release|Any CPU
		{6AEB72A0-6D28-43C2-A903-B1CB7CA49A76}.Release|Any CPU.Build.0 = Release|Any CPU
		{65662019-6E48-4B0C-B0E5-070D3B45777C}.Debug|Any CPU.ActiveCfg = Debug|Any CPU
		{65662019-6E48-4B0C-B0E5-070D3B45777C}.Debug|Any CPU.Build.0 = Debug|Any CPU
		{65662019-6E48-4B0C-B0E5-070D3B45777C}.Release|Any CPU.ActiveCfg = Release|Any CPU
		{65662019-6E48-4B0C-B0E5-070D3B45777C}.Release|Any CPU.Build.0 = Release|Any CPU
		{61E1B85F-2BBB-44E7-A38C-9CAF66EAFA1C}.Debug|Any CPU.ActiveCfg = Debug|Any CPU
		{61E1B85F-2BBB-44E7-A38C-9CAF66EAFA1C}.Debug|Any CPU.Build.0 = Debug|Any CPU
		{61E1B85F-2BBB-44E7-A38C-9CAF66EAFA1C}.Release|Any CPU.ActiveCfg = Release|Any CPU
		{61E1B85F-2BBB-44E7-A38C-9CAF66EAFA1C}.Release|Any CPU.Build.0 = Release|Any CPU
		{B469AD14-39CC-4EF5-BBB9-63973858CBDE}.Debug|Any CPU.ActiveCfg = Debug|Any CPU
		{B469AD14-39CC-4EF5-BBB9-63973858CBDE}.Debug|Any CPU.Build.0 = Debug|Any CPU
		{B469AD14-39CC-4EF5-BBB9-63973858CBDE}.Release|Any CPU.ActiveCfg = Release|Any CPU
		{B469AD14-39CC-4EF5-BBB9-63973858CBDE}.Release|Any CPU.Build.0 = Release|Any CPU
	EndGlobalSection
	GlobalSection(SolutionProperties) = preSolution
		HideSolutionNode = FALSE
	EndGlobalSection
	GlobalSection(ExtensibilityGlobals) = postSolution
		SolutionGuid = {FA650BCF-31A6-4CAD-8BA0-43C43D78386D}
	EndGlobalSection
EndGlobal
